// !$*UTF8*$!
{
	archiveVersion = 1;
	classes = {
	};
	objectVersion = 46;
	objects = {

/* Begin PBXBuildFile section */
		2AC5B510AED479D459587555 /* Pods_zgtl.framework in Frameworks */ = {isa = PBXBuildFile; fileRef = 1A3C8138E13D93F8A966A88C /* Pods_zgtl.framework */; };
		5E395D131F49CE5200E58C82 /* UIImage+ColorExt.m in Sources */ = {isa = PBXBuildFile; fileRef = 5E395D121F49CE5200E58C82 /* UIImage+ColorExt.m */; };
		5E395D161F49CEAB00E58C82 /* PaintBottomLeftCollectionCell.m in Sources */ = {isa = PBXBuildFile; fileRef = 5E395D151F49CEAB00E58C82 /* PaintBottomLeftCollectionCell.m */; };
		5E395D191F49D00100E58C82 /* UIColor+HexExt.m in Sources */ = {isa = PBXBuildFile; fileRef = 5E395D181F49D00100E58C82 /* UIColor+HexExt.m */; };
		5E395D1C1F49D3BB00E58C82 /* PaintColorPictureController.m in Sources */ = {isa = PBXBuildFile; fileRef = 5E395D1B1F49D3BB00E58C82 /* PaintColorPictureController.m */; };
		5E395D1F1F49D3E300E58C82 /* PaintEffectController.m in Sources */ = {isa = PBXBuildFile; fileRef = 5E395D1E1F49D3E300E58C82 /* PaintEffectController.m */; };
		5E395D221F49D40900E58C82 /* AddRemarkController.m in Sources */ = {isa = PBXBuildFile; fileRef = 5E395D211F49D40900E58C82 /* AddRemarkController.m */; };
		5E395D251F49D49000E58C82 /* BindEmailView.m in Sources */ = {isa = PBXBuildFile; fileRef = 5E395D241F49D49000E58C82 /* BindEmailView.m */; };
		5E52891D1F45DBBF00EA94C7 /* Common.m in Sources */ = {isa = PBXBuildFile; fileRef = 5E52891C1F45DBBF00EA94C7 /* Common.m */; };
		5E5289271F45DFF400EA94C7 /* PaintMainController.m in Sources */ = {isa = PBXBuildFile; fileRef = 5E5289241F45DFF400EA94C7 /* PaintMainController.m */; };
		5E52892A1F45E01D00EA94C7 /* PaintMainView.m in Sources */ = {isa = PBXBuildFile; fileRef = 5E5289291F45E01D00EA94C7 /* PaintMainView.m */; };
		5E5289381F45EEF100EA94C7 /* logo1@2x.png in Resources */ = {isa = PBXBuildFile; fileRef = 5E52892E1F45EEF100EA94C7 /* logo1@2x.png */; };
		5E5289391F45EEF100EA94C7 /* logo1@3x.png in Resources */ = {isa = PBXBuildFile; fileRef = 5E52892F1F45EEF100EA94C7 /* logo1@3x.png */; };
		5E52893A1F45EEF100EA94C7 /* logo2@2x.png in Resources */ = {isa = PBXBuildFile; fileRef = 5E5289301F45EEF100EA94C7 /* logo2@2x.png */; };
		5E52893B1F45EEF100EA94C7 /* logo2@3x.png in Resources */ = {isa = PBXBuildFile; fileRef = 5E5289311F45EEF100EA94C7 /* logo2@3x.png */; };
		5E52893C1F45EEF100EA94C7 /* logo3@2x.png in Resources */ = {isa = PBXBuildFile; fileRef = 5E5289321F45EEF100EA94C7 /* logo3@2x.png */; };
		5E52893D1F45EEF100EA94C7 /* logo3@3x.png in Resources */ = {isa = PBXBuildFile; fileRef = 5E5289331F45EEF100EA94C7 /* logo3@3x.png */; };
		5E52893E1F45EEF100EA94C7 /* logo4@2x.png in Resources */ = {isa = PBXBuildFile; fileRef = 5E5289341F45EEF100EA94C7 /* logo4@2x.png */; };
		5E52893F1F45EEF100EA94C7 /* logo4@3x.png in Resources */ = {isa = PBXBuildFile; fileRef = 5E5289351F45EEF100EA94C7 /* logo4@3x.png */; };
		5E5289401F45EEF100EA94C7 /* logo5@2x.png in Resources */ = {isa = PBXBuildFile; fileRef = 5E5289361F45EEF100EA94C7 /* logo5@2x.png */; };
		5E5289411F45EEF100EA94C7 /* logo5@3x.png in Resources */ = {isa = PBXBuildFile; fileRef = 5E5289371F45EEF100EA94C7 /* logo5@3x.png */; };
		5E5289441F45EF3100EA94C7 /* PaintTopCollectionCell.m in Sources */ = {isa = PBXBuildFile; fileRef = 5E5289431F45EF3100EA94C7 /* PaintTopCollectionCell.m */; };
		5E52894A1F45F27000EA94C7 /* item_collection@2x.png in Resources */ = {isa = PBXBuildFile; fileRef = 5E5289461F45F27000EA94C7 /* item_collection@2x.png */; };
		5E52894B1F45F27000EA94C7 /* item_collection@3x.png in Resources */ = {isa = PBXBuildFile; fileRef = 5E5289471F45F27000EA94C7 /* item_collection@3x.png */; };
		5E52894C1F45F27000EA94C7 /* item_paint@2x.png in Resources */ = {isa = PBXBuildFile; fileRef = 5E5289481F45F27000EA94C7 /* item_paint@2x.png */; };
		5E52894D1F45F27000EA94C7 /* item_paint@3x.png in Resources */ = {isa = PBXBuildFile; fileRef = 5E5289491F45F27000EA94C7 /* item_paint@3x.png */; };
		5E6FAEBB1F4B156F00CE0749 /* PaintColorView.m in Sources */ = {isa = PBXBuildFile; fileRef = 5E6FAEBA1F4B156F00CE0749 /* PaintColorView.m */; };
		5E6FAEBE1F4B158100CE0749 /* PaintEffectView.m in Sources */ = {isa = PBXBuildFile; fileRef = 5E6FAEBD1F4B158100CE0749 /* PaintEffectView.m */; };
		5E6FAEC11F4B18C800CE0749 /* ZBEffectCollectionCell.m in Sources */ = {isa = PBXBuildFile; fileRef = 5E6FAEC01F4B18C800CE0749 /* ZBEffectCollectionCell.m */; };
		5E6FAEC41F4B18ED00CE0749 /* ZBColorCollectionCell.m in Sources */ = {isa = PBXBuildFile; fileRef = 5E6FAEC31F4B18ED00CE0749 /* ZBColorCollectionCell.m */; };
		5E6FAEC71F4B190C00CE0749 /* ZTEffectCollectionCell.m in Sources */ = {isa = PBXBuildFile; fileRef = 5E6FAEC61F4B190C00CE0749 /* ZTEffectCollectionCell.m */; };
		5E6FAECA1F4B192500CE0749 /* ZTColorCollectionCell.m in Sources */ = {isa = PBXBuildFile; fileRef = 5E6FAEC91F4B192500CE0749 /* ZTColorCollectionCell.m */; };
		5E6FAEDA1F4B217100CE0749 /* collection@2x.png in Resources */ = {isa = PBXBuildFile; fileRef = 5E6FAECC1F4B217100CE0749 /* collection@2x.png */; };
		5E6FAEDB1F4B217100CE0749 /* collection@3x.png in Resources */ = {isa = PBXBuildFile; fileRef = 5E6FAECD1F4B217100CE0749 /* collection@3x.png */; };
		5E6FAEDC1F4B217100CE0749 /* effect@2x.png in Resources */ = {isa = PBXBuildFile; fileRef = 5E6FAECE1F4B217100CE0749 /* effect@2x.png */; };
		5E6FAEDD1F4B217100CE0749 /* effect@3x.png in Resources */ = {isa = PBXBuildFile; fileRef = 5E6FAECF1F4B217100CE0749 /* effect@3x.png */; };
		5E6FAEDE1F4B217100CE0749 /* pic1@2x.png in Resources */ = {isa = PBXBuildFile; fileRef = 5E6FAED01F4B217100CE0749 /* pic1@2x.png */; };
		5E6FAEDF1F4B217100CE0749 /* pic1@3x.png in Resources */ = {isa = PBXBuildFile; fileRef = 5E6FAED11F4B217100CE0749 /* pic1@3x.png */; };
		5E6FAEE01F4B217100CE0749 /* pic2@2x.png in Resources */ = {isa = PBXBuildFile; fileRef = 5E6FAED21F4B217100CE0749 /* pic2@2x.png */; };
		5E6FAEE11F4B217100CE0749 /* pic2@3x.png in Resources */ = {isa = PBXBuildFile; fileRef = 5E6FAED31F4B217100CE0749 /* pic2@3x.png */; };
		5E6FAEE21F4B217100CE0749 /* pic3@2x.png in Resources */ = {isa = PBXBuildFile; fileRef = 5E6FAED41F4B217100CE0749 /* pic3@2x.png */; };
		5E6FAEE31F4B217100CE0749 /* pic3@3x.png in Resources */ = {isa = PBXBuildFile; fileRef = 5E6FAED51F4B217100CE0749 /* pic3@3x.png */; };
		5E6FAEE41F4B217100CE0749 /* share@2x.png in Resources */ = {isa = PBXBuildFile; fileRef = 5E6FAED61F4B217100CE0749 /* share@2x.png */; };
		5E6FAEE51F4B217100CE0749 /* share@3x.png in Resources */ = {isa = PBXBuildFile; fileRef = 5E6FAED71F4B217100CE0749 /* share@3x.png */; };
		5E6FAEE61F4B217100CE0749 /* zgtlBg@2x.png in Resources */ = {isa = PBXBuildFile; fileRef = 5E6FAED81F4B217100CE0749 /* zgtlBg@2x.png */; };
		5E6FAEE71F4B217100CE0749 /* zgtlBg@3x.png in Resources */ = {isa = PBXBuildFile; fileRef = 5E6FAED91F4B217100CE0749 /* zgtlBg@3x.png */; };
		5E7F754D1F45CF58002FB7CC /* main.m in Sources */ = {isa = PBXBuildFile; fileRef = 5E7F754C1F45CF58002FB7CC /* main.m */; };
		5E7F75501F45CF58002FB7CC /* AppDelegate.m in Sources */ = {isa = PBXBuildFile; fileRef = 5E7F754F1F45CF58002FB7CC /* AppDelegate.m */; };
		5E7F75531F45CF58002FB7CC /* ViewController.m in Sources */ = {isa = PBXBuildFile; fileRef = 5E7F75521F45CF58002FB7CC /* ViewController.m */; };
		5E7F75561F45CF58002FB7CC /* Main.storyboard in Resources */ = {isa = PBXBuildFile; fileRef = 5E7F75541F45CF58002FB7CC /* Main.storyboard */; };
		5E7F75581F45CF58002FB7CC /* Assets.xcassets in Resources */ = {isa = PBXBuildFile; fileRef = 5E7F75571F45CF58002FB7CC /* Assets.xcassets */; };
		5E7F755B1F45CF58002FB7CC /* LaunchScreen.storyboard in Resources */ = {isa = PBXBuildFile; fileRef = 5E7F75591F45CF58002FB7CC /* LaunchScreen.storyboard */; };
		5E7F75661F45CF58002FB7CC /* zgtlTests.m in Sources */ = {isa = PBXBuildFile; fileRef = 5E7F75651F45CF58002FB7CC /* zgtlTests.m */; };
		5E7F75711F45CF58002FB7CC /* zgtlUITests.m in Sources */ = {isa = PBXBuildFile; fileRef = 5E7F75701F45CF58002FB7CC /* zgtlUITests.m */; };
		8457726F1F4EAD0700DC1C9D /* NetWork.m in Sources */ = {isa = PBXBuildFile; fileRef = 8457726E1F4EAD0700DC1C9D /* NetWork.m */; };
		845772721F4EB61000DC1C9D /* Token.m in Sources */ = {isa = PBXBuildFile; fileRef = 845772711F4EB61000DC1C9D /* Token.m */; };
		845772751F4EB7C600DC1C9D /* UIAlertController+msg.m in Sources */ = {isa = PBXBuildFile; fileRef = 845772741F4EB7C600DC1C9D /* UIAlertController+msg.m */; };
		845772781F4EBAD400DC1C9D /* PaintProductModel.m in Sources */ = {isa = PBXBuildFile; fileRef = 845772771F4EBAD400DC1C9D /* PaintProductModel.m */; };
		8457727B1F4EBAE300DC1C9D /* PaintColorModel.m in Sources */ = {isa = PBXBuildFile; fileRef = 8457727A1F4EBAE300DC1C9D /* PaintColorModel.m */; };
		8457727E1F4EBB0200DC1C9D /* PaintListModel.m in Sources */ = {isa = PBXBuildFile; fileRef = 8457727D1F4EBB0200DC1C9D /* PaintListModel.m */; };
		847A32041F4FC3BD000C4224 /* ColorPaintModel.m in Sources */ = {isa = PBXBuildFile; fileRef = 847A32031F4FC3BD000C4224 /* ColorPaintModel.m */; };
		847A32071F4FC4A4000C4224 /* ColorListModel.m in Sources */ = {isa = PBXBuildFile; fileRef = 847A32061F4FC4A4000C4224 /* ColorListModel.m */; };
		847A320A1F4FC4C9000C4224 /* ColorSceneModel.m in Sources */ = {isa = PBXBuildFile; fileRef = 847A32091F4FC4C9000C4224 /* ColorSceneModel.m */; };
		847A328B1F4FF6E4000C4224 /* PaintEffectModel.m in Sources */ = {isa = PBXBuildFile; fileRef = 847A328A1F4FF6E4000C4224 /* PaintEffectModel.m */; };
/* End PBXBuildFile section */

/* Begin PBXContainerItemProxy section */
		5E7F75621F45CF58002FB7CC /* PBXContainerItemProxy */ = {
			isa = PBXContainerItemProxy;
			containerPortal = 5E7F75401F45CF58002FB7CC /* Project object */;
			proxyType = 1;
			remoteGlobalIDString = 5E7F75471F45CF58002FB7CC;
			remoteInfo = zgtl;
		};
		5E7F756D1F45CF58002FB7CC /* PBXContainerItemProxy */ = {
			isa = PBXContainerItemProxy;
			containerPortal = 5E7F75401F45CF58002FB7CC /* Project object */;
			proxyType = 1;
			remoteGlobalIDString = 5E7F75471F45CF58002FB7CC;
			remoteInfo = zgtl;
		};
/* End PBXContainerItemProxy section */

/* Begin PBXFileReference section */
		1A3C8138E13D93F8A966A88C /* Pods_zgtl.framework */ = {isa = PBXFileReference; explicitFileType = wrapper.framework; includeInIndex = 0; path = Pods_zgtl.framework; sourceTree = BUILT_PRODUCTS_DIR; };
		5E395D111F49CE5200E58C82 /* UIImage+ColorExt.h */ = {isa = PBXFileReference; fileEncoding = 4; lastKnownFileType = sourcecode.c.h; path = "UIImage+ColorExt.h"; sourceTree = "<group>"; };
		5E395D121F49CE5200E58C82 /* UIImage+ColorExt.m */ = {isa = PBXFileReference; fileEncoding = 4; lastKnownFileType = sourcecode.c.objc; path = "UIImage+ColorExt.m"; sourceTree = "<group>"; };
		5E395D141F49CEAB00E58C82 /* PaintBottomLeftCollectionCell.h */ = {isa = PBXFileReference; fileEncoding = 4; lastKnownFileType = sourcecode.c.h; path = PaintBottomLeftCollectionCell.h; sourceTree = "<group>"; };
		5E395D151F49CEAB00E58C82 /* PaintBottomLeftCollectionCell.m */ = {isa = PBXFileReference; fileEncoding = 4; lastKnownFileType = sourcecode.c.objc; path = PaintBottomLeftCollectionCell.m; sourceTree = "<group>"; };
		5E395D171F49D00100E58C82 /* UIColor+HexExt.h */ = {isa = PBXFileReference; fileEncoding = 4; lastKnownFileType = sourcecode.c.h; path = "UIColor+HexExt.h"; sourceTree = "<group>"; };
		5E395D181F49D00100E58C82 /* UIColor+HexExt.m */ = {isa = PBXFileReference; fileEncoding = 4; lastKnownFileType = sourcecode.c.objc; path = "UIColor+HexExt.m"; sourceTree = "<group>"; };
		5E395D1A1F49D3BB00E58C82 /* PaintColorPictureController.h */ = {isa = PBXFileReference; fileEncoding = 4; lastKnownFileType = sourcecode.c.h; path = PaintColorPictureController.h; sourceTree = "<group>"; };
		5E395D1B1F49D3BB00E58C82 /* PaintColorPictureController.m */ = {isa = PBXFileReference; fileEncoding = 4; lastKnownFileType = sourcecode.c.objc; path = PaintColorPictureController.m; sourceTree = "<group>"; };
		5E395D1D1F49D3E300E58C82 /* PaintEffectController.h */ = {isa = PBXFileReference; fileEncoding = 4; lastKnownFileType = sourcecode.c.h; path = PaintEffectController.h; sourceTree = "<group>"; };
		5E395D1E1F49D3E300E58C82 /* PaintEffectController.m */ = {isa = PBXFileReference; fileEncoding = 4; lastKnownFileType = sourcecode.c.objc; path = PaintEffectController.m; sourceTree = "<group>"; };
		5E395D201F49D40900E58C82 /* AddRemarkController.h */ = {isa = PBXFileReference; fileEncoding = 4; lastKnownFileType = sourcecode.c.h; path = AddRemarkController.h; sourceTree = "<group>"; };
		5E395D211F49D40900E58C82 /* AddRemarkController.m */ = {isa = PBXFileReference; fileEncoding = 4; lastKnownFileType = sourcecode.c.objc; path = AddRemarkController.m; sourceTree = "<group>"; };
		5E395D231F49D49000E58C82 /* BindEmailView.h */ = {isa = PBXFileReference; fileEncoding = 4; lastKnownFileType = sourcecode.c.h; path = BindEmailView.h; sourceTree = "<group>"; };
		5E395D241F49D49000E58C82 /* BindEmailView.m */ = {isa = PBXFileReference; fileEncoding = 4; lastKnownFileType = sourcecode.c.objc; path = BindEmailView.m; sourceTree = "<group>"; };
		5E52891B1F45DBBF00EA94C7 /* Common.h */ = {isa = PBXFileReference; fileEncoding = 4; lastKnownFileType = sourcecode.c.h; path = Common.h; sourceTree = "<group>"; };
		5E52891C1F45DBBF00EA94C7 /* Common.m */ = {isa = PBXFileReference; fileEncoding = 4; lastKnownFileType = sourcecode.c.objc; path = Common.m; sourceTree = "<group>"; };
		5E5289231F45DFF400EA94C7 /* PaintMainController.h */ = {isa = PBXFileReference; fileEncoding = 4; lastKnownFileType = sourcecode.c.h; path = PaintMainController.h; sourceTree = "<group>"; };
		5E5289241F45DFF400EA94C7 /* PaintMainController.m */ = {isa = PBXFileReference; fileEncoding = 4; lastKnownFileType = sourcecode.c.objc; path = PaintMainController.m; sourceTree = "<group>"; };
		5E5289281F45E01D00EA94C7 /* PaintMainView.h */ = {isa = PBXFileReference; fileEncoding = 4; lastKnownFileType = sourcecode.c.h; path = PaintMainView.h; sourceTree = "<group>"; };
		5E5289291F45E01D00EA94C7 /* PaintMainView.m */ = {isa = PBXFileReference; fileEncoding = 4; lastKnownFileType = sourcecode.c.objc; path = PaintMainView.m; sourceTree = "<group>"; };
		5E52892B1F45E27C00EA94C7 /* Prefix.pch */ = {isa = PBXFileReference; fileEncoding = 4; lastKnownFileType = sourcecode.c.h; path = Prefix.pch; sourceTree = "<group>"; };
		5E52892E1F45EEF100EA94C7 /* logo1@2x.png */ = {isa = PBXFileReference; lastKnownFileType = image.png; path = "logo1@2x.png"; sourceTree = "<group>"; };
		5E52892F1F45EEF100EA94C7 /* logo1@3x.png */ = {isa = PBXFileReference; lastKnownFileType = image.png; path = "logo1@3x.png"; sourceTree = "<group>"; };
		5E5289301F45EEF100EA94C7 /* logo2@2x.png */ = {isa = PBXFileReference; lastKnownFileType = image.png; path = "logo2@2x.png"; sourceTree = "<group>"; };
		5E5289311F45EEF100EA94C7 /* logo2@3x.png */ = {isa = PBXFileReference; lastKnownFileType = image.png; path = "logo2@3x.png"; sourceTree = "<group>"; };
		5E5289321F45EEF100EA94C7 /* logo3@2x.png */ = {isa = PBXFileReference; lastKnownFileType = image.png; path = "logo3@2x.png"; sourceTree = "<group>"; };
		5E5289331F45EEF100EA94C7 /* logo3@3x.png */ = {isa = PBXFileReference; lastKnownFileType = image.png; path = "logo3@3x.png"; sourceTree = "<group>"; };
		5E5289341F45EEF100EA94C7 /* logo4@2x.png */ = {isa = PBXFileReference; lastKnownFileType = image.png; path = "logo4@2x.png"; sourceTree = "<group>"; };
		5E5289351F45EEF100EA94C7 /* logo4@3x.png */ = {isa = PBXFileReference; lastKnownFileType = image.png; path = "logo4@3x.png"; sourceTree = "<group>"; };
		5E5289361F45EEF100EA94C7 /* logo5@2x.png */ = {isa = PBXFileReference; lastKnownFileType = image.png; path = "logo5@2x.png"; sourceTree = "<group>"; };
		5E5289371F45EEF100EA94C7 /* logo5@3x.png */ = {isa = PBXFileReference; lastKnownFileType = image.png; path = "logo5@3x.png"; sourceTree = "<group>"; };
		5E5289421F45EF3100EA94C7 /* PaintTopCollectionCell.h */ = {isa = PBXFileReference; fileEncoding = 4; lastKnownFileType = sourcecode.c.h; path = PaintTopCollectionCell.h; sourceTree = "<group>"; };
		5E5289431F45EF3100EA94C7 /* PaintTopCollectionCell.m */ = {isa = PBXFileReference; fileEncoding = 4; lastKnownFileType = sourcecode.c.objc; path = PaintTopCollectionCell.m; sourceTree = "<group>"; };
		5E5289461F45F27000EA94C7 /* item_collection@2x.png */ = {isa = PBXFileReference; lastKnownFileType = image.png; path = "item_collection@2x.png"; sourceTree = "<group>"; };
		5E5289471F45F27000EA94C7 /* item_collection@3x.png */ = {isa = PBXFileReference; lastKnownFileType = image.png; path = "item_collection@3x.png"; sourceTree = "<group>"; };
		5E5289481F45F27000EA94C7 /* item_paint@2x.png */ = {isa = PBXFileReference; lastKnownFileType = image.png; path = "item_paint@2x.png"; sourceTree = "<group>"; };
		5E5289491F45F27000EA94C7 /* item_paint@3x.png */ = {isa = PBXFileReference; lastKnownFileType = image.png; path = "item_paint@3x.png"; sourceTree = "<group>"; };
		5E6FAEB91F4B156F00CE0749 /* PaintColorView.h */ = {isa = PBXFileReference; fileEncoding = 4; lastKnownFileType = sourcecode.c.h; path = PaintColorView.h; sourceTree = "<group>"; };
		5E6FAEBA1F4B156F00CE0749 /* PaintColorView.m */ = {isa = PBXFileReference; fileEncoding = 4; lastKnownFileType = sourcecode.c.objc; path = PaintColorView.m; sourceTree = "<group>"; };
		5E6FAEBC1F4B158100CE0749 /* PaintEffectView.h */ = {isa = PBXFileReference; fileEncoding = 4; lastKnownFileType = sourcecode.c.h; path = PaintEffectView.h; sourceTree = "<group>"; };
		5E6FAEBD1F4B158100CE0749 /* PaintEffectView.m */ = {isa = PBXFileReference; fileEncoding = 4; lastKnownFileType = sourcecode.c.objc; path = PaintEffectView.m; sourceTree = "<group>"; };
		5E6FAEBF1F4B18C800CE0749 /* ZBEffectCollectionCell.h */ = {isa = PBXFileReference; fileEncoding = 4; lastKnownFileType = sourcecode.c.h; path = ZBEffectCollectionCell.h; sourceTree = "<group>"; };
		5E6FAEC01F4B18C800CE0749 /* ZBEffectCollectionCell.m */ = {isa = PBXFileReference; fileEncoding = 4; lastKnownFileType = sourcecode.c.objc; path = ZBEffectCollectionCell.m; sourceTree = "<group>"; };
		5E6FAEC21F4B18ED00CE0749 /* ZBColorCollectionCell.h */ = {isa = PBXFileReference; fileEncoding = 4; lastKnownFileType = sourcecode.c.h; path = ZBColorCollectionCell.h; sourceTree = "<group>"; };
		5E6FAEC31F4B18ED00CE0749 /* ZBColorCollectionCell.m */ = {isa = PBXFileReference; fileEncoding = 4; lastKnownFileType = sourcecode.c.objc; path = ZBColorCollectionCell.m; sourceTree = "<group>"; };
		5E6FAEC51F4B190C00CE0749 /* ZTEffectCollectionCell.h */ = {isa = PBXFileReference; fileEncoding = 4; lastKnownFileType = sourcecode.c.h; path = ZTEffectCollectionCell.h; sourceTree = "<group>"; };
		5E6FAEC61F4B190C00CE0749 /* ZTEffectCollectionCell.m */ = {isa = PBXFileReference; fileEncoding = 4; lastKnownFileType = sourcecode.c.objc; path = ZTEffectCollectionCell.m; sourceTree = "<group>"; };
		5E6FAEC81F4B192500CE0749 /* ZTColorCollectionCell.h */ = {isa = PBXFileReference; fileEncoding = 4; lastKnownFileType = sourcecode.c.h; path = ZTColorCollectionCell.h; sourceTree = "<group>"; };
		5E6FAEC91F4B192500CE0749 /* ZTColorCollectionCell.m */ = {isa = PBXFileReference; fileEncoding = 4; lastKnownFileType = sourcecode.c.objc; path = ZTColorCollectionCell.m; sourceTree = "<group>"; };
		5E6FAECC1F4B217100CE0749 /* collection@2x.png */ = {isa = PBXFileReference; lastKnownFileType = image.png; path = "collection@2x.png"; sourceTree = "<group>"; };
		5E6FAECD1F4B217100CE0749 /* collection@3x.png */ = {isa = PBXFileReference; lastKnownFileType = image.png; path = "collection@3x.png"; sourceTree = "<group>"; };
		5E6FAECE1F4B217100CE0749 /* effect@2x.png */ = {isa = PBXFileReference; lastKnownFileType = image.png; path = "effect@2x.png"; sourceTree = "<group>"; };
		5E6FAECF1F4B217100CE0749 /* effect@3x.png */ = {isa = PBXFileReference; lastKnownFileType = image.png; path = "effect@3x.png"; sourceTree = "<group>"; };
		5E6FAED01F4B217100CE0749 /* pic1@2x.png */ = {isa = PBXFileReference; lastKnownFileType = image.png; path = "pic1@2x.png"; sourceTree = "<group>"; };
		5E6FAED11F4B217100CE0749 /* pic1@3x.png */ = {isa = PBXFileReference; lastKnownFileType = image.png; path = "pic1@3x.png"; sourceTree = "<group>"; };
		5E6FAED21F4B217100CE0749 /* pic2@2x.png */ = {isa = PBXFileReference; lastKnownFileType = image.png; path = "pic2@2x.png"; sourceTree = "<group>"; };
		5E6FAED31F4B217100CE0749 /* pic2@3x.png */ = {isa = PBXFileReference; lastKnownFileType = image.png; path = "pic2@3x.png"; sourceTree = "<group>"; };
		5E6FAED41F4B217100CE0749 /* pic3@2x.png */ = {isa = PBXFileReference; lastKnownFileType = image.png; path = "pic3@2x.png"; sourceTree = "<group>"; };
		5E6FAED51F4B217100CE0749 /* pic3@3x.png */ = {isa = PBXFileReference; lastKnownFileType = image.png; path = "pic3@3x.png"; sourceTree = "<group>"; };
		5E6FAED61F4B217100CE0749 /* share@2x.png */ = {isa = PBXFileReference; lastKnownFileType = image.png; path = "share@2x.png"; sourceTree = "<group>"; };
		5E6FAED71F4B217100CE0749 /* share@3x.png */ = {isa = PBXFileReference; lastKnownFileType = image.png; path = "share@3x.png"; sourceTree = "<group>"; };
		5E6FAED81F4B217100CE0749 /* zgtlBg@2x.png */ = {isa = PBXFileReference; lastKnownFileType = image.png; path = "zgtlBg@2x.png"; sourceTree = "<group>"; };
		5E6FAED91F4B217100CE0749 /* zgtlBg@3x.png */ = {isa = PBXFileReference; lastKnownFileType = image.png; path = "zgtlBg@3x.png"; sourceTree = "<group>"; };
		5E7F75481F45CF58002FB7CC /* zgtl.app */ = {isa = PBXFileReference; explicitFileType = wrapper.application; includeInIndex = 0; path = zgtl.app; sourceTree = BUILT_PRODUCTS_DIR; };
		5E7F754C1F45CF58002FB7CC /* main.m */ = {isa = PBXFileReference; lastKnownFileType = sourcecode.c.objc; path = main.m; sourceTree = "<group>"; };
		5E7F754E1F45CF58002FB7CC /* AppDelegate.h */ = {isa = PBXFileReference; lastKnownFileType = sourcecode.c.h; path = AppDelegate.h; sourceTree = "<group>"; };
		5E7F754F1F45CF58002FB7CC /* AppDelegate.m */ = {isa = PBXFileReference; lastKnownFileType = sourcecode.c.objc; path = AppDelegate.m; sourceTree = "<group>"; };
		5E7F75511F45CF58002FB7CC /* ViewController.h */ = {isa = PBXFileReference; lastKnownFileType = sourcecode.c.h; path = ViewController.h; sourceTree = "<group>"; };
		5E7F75521F45CF58002FB7CC /* ViewController.m */ = {isa = PBXFileReference; lastKnownFileType = sourcecode.c.objc; path = ViewController.m; sourceTree = "<group>"; };
		5E7F75551F45CF58002FB7CC /* Base */ = {isa = PBXFileReference; lastKnownFileType = file.storyboard; name = Base; path = Base.lproj/Main.storyboard; sourceTree = "<group>"; };
		5E7F75571F45CF58002FB7CC /* Assets.xcassets */ = {isa = PBXFileReference; lastKnownFileType = folder.assetcatalog; path = Assets.xcassets; sourceTree = "<group>"; };
		5E7F755A1F45CF58002FB7CC /* Base */ = {isa = PBXFileReference; lastKnownFileType = file.storyboard; name = Base; path = Base.lproj/LaunchScreen.storyboard; sourceTree = "<group>"; };
		5E7F755C1F45CF58002FB7CC /* Info.plist */ = {isa = PBXFileReference; lastKnownFileType = text.plist.xml; path = Info.plist; sourceTree = "<group>"; };
		5E7F75611F45CF58002FB7CC /* zgtlTests.xctest */ = {isa = PBXFileReference; explicitFileType = wrapper.cfbundle; includeInIndex = 0; path = zgtlTests.xctest; sourceTree = BUILT_PRODUCTS_DIR; };
		5E7F75651F45CF58002FB7CC /* zgtlTests.m */ = {isa = PBXFileReference; lastKnownFileType = sourcecode.c.objc; path = zgtlTests.m; sourceTree = "<group>"; };
		5E7F75671F45CF58002FB7CC /* Info.plist */ = {isa = PBXFileReference; lastKnownFileType = text.plist.xml; path = Info.plist; sourceTree = "<group>"; };
		5E7F756C1F45CF58002FB7CC /* zgtlUITests.xctest */ = {isa = PBXFileReference; explicitFileType = wrapper.cfbundle; includeInIndex = 0; path = zgtlUITests.xctest; sourceTree = BUILT_PRODUCTS_DIR; };
		5E7F75701F45CF58002FB7CC /* zgtlUITests.m */ = {isa = PBXFileReference; lastKnownFileType = sourcecode.c.objc; path = zgtlUITests.m; sourceTree = "<group>"; };
		5E7F75721F45CF58002FB7CC /* Info.plist */ = {isa = PBXFileReference; lastKnownFileType = text.plist.xml; path = Info.plist; sourceTree = "<group>"; };
		7E1D888EEAC2F1FE7D54F274 /* Pods-zgtl.debug.xcconfig */ = {isa = PBXFileReference; includeInIndex = 1; lastKnownFileType = text.xcconfig; name = "Pods-zgtl.debug.xcconfig"; path = "Pods/Target Support Files/Pods-zgtl/Pods-zgtl.debug.xcconfig"; sourceTree = "<group>"; };
		8457726D1F4EAD0700DC1C9D /* NetWork.h */ = {isa = PBXFileReference; fileEncoding = 4; lastKnownFileType = sourcecode.c.h; path = NetWork.h; sourceTree = "<group>"; };
		8457726E1F4EAD0700DC1C9D /* NetWork.m */ = {isa = PBXFileReference; fileEncoding = 4; lastKnownFileType = sourcecode.c.objc; path = NetWork.m; sourceTree = "<group>"; };
		845772701F4EB61000DC1C9D /* Token.h */ = {isa = PBXFileReference; fileEncoding = 4; lastKnownFileType = sourcecode.c.h; path = Token.h; sourceTree = "<group>"; };
		845772711F4EB61000DC1C9D /* Token.m */ = {isa = PBXFileReference; fileEncoding = 4; lastKnownFileType = sourcecode.c.objc; path = Token.m; sourceTree = "<group>"; };
		845772731F4EB7C600DC1C9D /* UIAlertController+msg.h */ = {isa = PBXFileReference; fileEncoding = 4; lastKnownFileType = sourcecode.c.h; path = "UIAlertController+msg.h"; sourceTree = "<group>"; };
		845772741F4EB7C600DC1C9D /* UIAlertController+msg.m */ = {isa = PBXFileReference; fileEncoding = 4; lastKnownFileType = sourcecode.c.objc; path = "UIAlertController+msg.m"; sourceTree = "<group>"; };
		845772761F4EBAD400DC1C9D /* PaintProductModel.h */ = {isa = PBXFileReference; fileEncoding = 4; lastKnownFileType = sourcecode.c.h; name = PaintProductModel.h; path = zgtl/PaintProductModel.h; sourceTree = SOURCE_ROOT; };
		845772771F4EBAD400DC1C9D /* PaintProductModel.m */ = {isa = PBXFileReference; fileEncoding = 4; lastKnownFileType = sourcecode.c.objc; name = PaintProductModel.m; path = zgtl/PaintProductModel.m; sourceTree = SOURCE_ROOT; };
		845772791F4EBAE300DC1C9D /* PaintColorModel.h */ = {isa = PBXFileReference; fileEncoding = 4; lastKnownFileType = sourcecode.c.h; name = PaintColorModel.h; path = zgtl/PaintColorModel.h; sourceTree = SOURCE_ROOT; };
		8457727A1F4EBAE300DC1C9D /* PaintColorModel.m */ = {isa = PBXFileReference; fileEncoding = 4; lastKnownFileType = sourcecode.c.objc; name = PaintColorModel.m; path = zgtl/PaintColorModel.m; sourceTree = SOURCE_ROOT; };
		8457727C1F4EBB0200DC1C9D /* PaintListModel.h */ = {isa = PBXFileReference; fileEncoding = 4; lastKnownFileType = sourcecode.c.h; name = PaintListModel.h; path = zgtl/PaintListModel.h; sourceTree = SOURCE_ROOT; };
		8457727D1F4EBB0200DC1C9D /* PaintListModel.m */ = {isa = PBXFileReference; fileEncoding = 4; lastKnownFileType = sourcecode.c.objc; name = PaintListModel.m; path = zgtl/PaintListModel.m; sourceTree = SOURCE_ROOT; };
		847A32021F4FC3BD000C4224 /* ColorPaintModel.h */ = {isa = PBXFileReference; fileEncoding = 4; lastKnownFileType = sourcecode.c.h; path = ColorPaintModel.h; sourceTree = "<group>"; };
		847A32031F4FC3BD000C4224 /* ColorPaintModel.m */ = {isa = PBXFileReference; fileEncoding = 4; lastKnownFileType = sourcecode.c.objc; path = ColorPaintModel.m; sourceTree = "<group>"; };
		847A32051F4FC4A4000C4224 /* ColorListModel.h */ = {isa = PBXFileReference; fileEncoding = 4; lastKnownFileType = sourcecode.c.h; path = ColorListModel.h; sourceTree = "<group>"; };
		847A32061F4FC4A4000C4224 /* ColorListModel.m */ = {isa = PBXFileReference; fileEncoding = 4; lastKnownFileType = sourcecode.c.objc; path = ColorListModel.m; sourceTree = "<group>"; };
		847A32081F4FC4C9000C4224 /* ColorSceneModel.h */ = {isa = PBXFileReference; fileEncoding = 4; lastKnownFileType = sourcecode.c.h; path = ColorSceneModel.h; sourceTree = "<group>"; };
		847A32091F4FC4C9000C4224 /* ColorSceneModel.m */ = {isa = PBXFileReference; fileEncoding = 4; lastKnownFileType = sourcecode.c.objc; path = ColorSceneModel.m; sourceTree = "<group>"; };
		847A32891F4FF6E4000C4224 /* PaintEffectModel.h */ = {isa = PBXFileReference; fileEncoding = 4; lastKnownFileType = sourcecode.c.h; path = PaintEffectModel.h; sourceTree = "<group>"; };
		847A328A1F4FF6E4000C4224 /* PaintEffectModel.m */ = {isa = PBXFileReference; fileEncoding = 4; lastKnownFileType = sourcecode.c.objc; path = PaintEffectModel.m; sourceTree = "<group>"; };
		FC2007FA1D45D563F4E53701 /* Pods-zgtl.release.xcconfig */ = {isa = PBXFileReference; includeInIndex = 1; lastKnownFileType = text.xcconfig; name = "Pods-zgtl.release.xcconfig"; path = "Pods/Target Support Files/Pods-zgtl/Pods-zgtl.release.xcconfig"; sourceTree = "<group>"; };
/* End PBXFileReference section */

/* Begin PBXFrameworksBuildPhase section */
		5E7F75451F45CF58002FB7CC /* Frameworks */ = {
			isa = PBXFrameworksBuildPhase;
			buildActionMask = 2147483647;
			files = (
				2AC5B510AED479D459587555 /* Pods_zgtl.framework in Frameworks */,
			);
			runOnlyForDeploymentPostprocessing = 0;
		};
		5E7F755E1F45CF58002FB7CC /* Frameworks */ = {
			isa = PBXFrameworksBuildPhase;
			buildActionMask = 2147483647;
			files = (
			);
			runOnlyForDeploymentPostprocessing = 0;
		};
		5E7F75691F45CF58002FB7CC /* Frameworks */ = {
			isa = PBXFrameworksBuildPhase;
			buildActionMask = 2147483647;
			files = (
			);
			runOnlyForDeploymentPostprocessing = 0;
		};
/* End PBXFrameworksBuildPhase section */

/* Begin PBXGroup section */
		39DB22C2EC9BE8F23E211B88 /* Pods */ = {
			isa = PBXGroup;
			children = (
				7E1D888EEAC2F1FE7D54F274 /* Pods-zgtl.debug.xcconfig */,
				FC2007FA1D45D563F4E53701 /* Pods-zgtl.release.xcconfig */,
			);
			name = Pods;
			sourceTree = "<group>";
		};
		428764243A0DA79C7302FA8C /* Frameworks */ = {
			isa = PBXGroup;
			children = (
				1A3C8138E13D93F8A966A88C /* Pods_zgtl.framework */,
			);
			name = Frameworks;
			sourceTree = "<group>";
		};
		5E52891A1F45DBA000EA94C7 /* common */ = {
			isa = PBXGroup;
			children = (
				5E52891B1F45DBBF00EA94C7 /* Common.h */,
				5E52891C1F45DBBF00EA94C7 /* Common.m */,
				5E395D111F49CE5200E58C82 /* UIImage+ColorExt.h */,
				5E395D121F49CE5200E58C82 /* UIImage+ColorExt.m */,
				5E395D171F49D00100E58C82 /* UIColor+HexExt.h */,
				5E395D181F49D00100E58C82 /* UIColor+HexExt.m */,
			);
			path = common;
			sourceTree = "<group>";
		};
		5E5289211F45DFF400EA94C7 /* Paint(涂料) */ = {
			isa = PBXGroup;
			children = (
				5E5289221F45DFF400EA94C7 /* C */,
				5E5289251F45DFF400EA94C7 /* M */,
				5E5289261F45DFF400EA94C7 /* V */,
			);
			path = "Paint(涂料)";
			sourceTree = "<group>";
		};
		5E5289221F45DFF400EA94C7 /* C */ = {
			isa = PBXGroup;
			children = (
				5E5289231F45DFF400EA94C7 /* PaintMainController.h */,
				5E5289241F45DFF400EA94C7 /* PaintMainController.m */,
				5E395D1A1F49D3BB00E58C82 /* PaintColorPictureController.h */,
				5E395D1B1F49D3BB00E58C82 /* PaintColorPictureController.m */,
				5E395D1D1F49D3E300E58C82 /* PaintEffectController.h */,
				5E395D1E1F49D3E300E58C82 /* PaintEffectController.m */,
				5E395D201F49D40900E58C82 /* AddRemarkController.h */,
				5E395D211F49D40900E58C82 /* AddRemarkController.m */,
			);
			path = C;
			sourceTree = "<group>";
		};
		5E5289251F45DFF400EA94C7 /* M */ = {
			isa = PBXGroup;
			children = (
				845772761F4EBAD400DC1C9D /* PaintProductModel.h */,
				845772771F4EBAD400DC1C9D /* PaintProductModel.m */,
				845772791F4EBAE300DC1C9D /* PaintColorModel.h */,
				8457727A1F4EBAE300DC1C9D /* PaintColorModel.m */,
				8457727C1F4EBB0200DC1C9D /* PaintListModel.h */,
				8457727D1F4EBB0200DC1C9D /* PaintListModel.m */,
				847A32021F4FC3BD000C4224 /* ColorPaintModel.h */,
				847A32031F4FC3BD000C4224 /* ColorPaintModel.m */,
				847A32051F4FC4A4000C4224 /* ColorListModel.h */,
				847A32061F4FC4A4000C4224 /* ColorListModel.m */,
				847A32081F4FC4C9000C4224 /* ColorSceneModel.h */,
				847A32091F4FC4C9000C4224 /* ColorSceneModel.m */,
				847A32891F4FF6E4000C4224 /* PaintEffectModel.h */,
				847A328A1F4FF6E4000C4224 /* PaintEffectModel.m */,
			);
			path = M;
			sourceTree = "<group>";
		};
		5E5289261F45DFF400EA94C7 /* V */ = {
			isa = PBXGroup;
			children = (
				5E5289281F45E01D00EA94C7 /* PaintMainView.h */,
				5E5289291F45E01D00EA94C7 /* PaintMainView.m */,
				5E5289421F45EF3100EA94C7 /* PaintTopCollectionCell.h */,
				5E5289431F45EF3100EA94C7 /* PaintTopCollectionCell.m */,
				5E395D141F49CEAB00E58C82 /* PaintBottomLeftCollectionCell.h */,
				5E395D151F49CEAB00E58C82 /* PaintBottomLeftCollectionCell.m */,
				5E395D231F49D49000E58C82 /* BindEmailView.h */,
				5E395D241F49D49000E58C82 /* BindEmailView.m */,
				5E6FAEB91F4B156F00CE0749 /* PaintColorView.h */,
				5E6FAEBA1F4B156F00CE0749 /* PaintColorView.m */,
				5E6FAEBF1F4B18C800CE0749 /* ZBEffectCollectionCell.h */,
				5E6FAEC01F4B18C800CE0749 /* ZBEffectCollectionCell.m */,
				5E6FAEC21F4B18ED00CE0749 /* ZBColorCollectionCell.h */,
				5E6FAEC31F4B18ED00CE0749 /* ZBColorCollectionCell.m */,
				5E6FAEBC1F4B158100CE0749 /* PaintEffectView.h */,
				5E6FAEBD1F4B158100CE0749 /* PaintEffectView.m */,
				5E6FAEC51F4B190C00CE0749 /* ZTEffectCollectionCell.h */,
				5E6FAEC61F4B190C00CE0749 /* ZTEffectCollectionCell.m */,
				5E6FAEC81F4B192500CE0749 /* ZTColorCollectionCell.h */,
				5E6FAEC91F4B192500CE0749 /* ZTColorCollectionCell.m */,
			);
			path = V;
			sourceTree = "<group>";
		};
		5E52892C1F45EEF100EA94C7 /* Resource */ = {
			isa = PBXGroup;
			children = (
				5E6FAECB1F4B217100CE0749 /* 质感涂料 */,
				5E5289451F45F27000EA94C7 /* Tabbar */,
				5E52892D1F45EEF100EA94C7 /* Paint */,
			);
			path = Resource;
			sourceTree = "<group>";
		};
		5E52892D1F45EEF100EA94C7 /* Paint */ = {
			isa = PBXGroup;
			children = (
				5E52892E1F45EEF100EA94C7 /* logo1@2x.png */,
				5E52892F1F45EEF100EA94C7 /* logo1@3x.png */,
				5E5289301F45EEF100EA94C7 /* logo2@2x.png */,
				5E5289311F45EEF100EA94C7 /* logo2@3x.png */,
				5E5289321F45EEF100EA94C7 /* logo3@2x.png */,
				5E5289331F45EEF100EA94C7 /* logo3@3x.png */,
				5E5289341F45EEF100EA94C7 /* logo4@2x.png */,
				5E5289351F45EEF100EA94C7 /* logo4@3x.png */,
				5E5289361F45EEF100EA94C7 /* logo5@2x.png */,
				5E5289371F45EEF100EA94C7 /* logo5@3x.png */,
			);
			path = Paint;
			sourceTree = "<group>";
		};
		5E5289451F45F27000EA94C7 /* Tabbar */ = {
			isa = PBXGroup;
			children = (
				5E5289461F45F27000EA94C7 /* item_collection@2x.png */,
				5E5289471F45F27000EA94C7 /* item_collection@3x.png */,
				5E5289481F45F27000EA94C7 /* item_paint@2x.png */,
				5E5289491F45F27000EA94C7 /* item_paint@3x.png */,
			);
			path = Tabbar;
			sourceTree = "<group>";
		};
		5E6FAECB1F4B217100CE0749 /* 质感涂料 */ = {
			isa = PBXGroup;
			children = (
				5E6FAECC1F4B217100CE0749 /* collection@2x.png */,
				5E6FAECD1F4B217100CE0749 /* collection@3x.png */,
				5E6FAECE1F4B217100CE0749 /* effect@2x.png */,
				5E6FAECF1F4B217100CE0749 /* effect@3x.png */,
				5E6FAED01F4B217100CE0749 /* pic1@2x.png */,
				5E6FAED11F4B217100CE0749 /* pic1@3x.png */,
				5E6FAED21F4B217100CE0749 /* pic2@2x.png */,
				5E6FAED31F4B217100CE0749 /* pic2@3x.png */,
				5E6FAED41F4B217100CE0749 /* pic3@2x.png */,
				5E6FAED51F4B217100CE0749 /* pic3@3x.png */,
				5E6FAED61F4B217100CE0749 /* share@2x.png */,
				5E6FAED71F4B217100CE0749 /* share@3x.png */,
				5E6FAED81F4B217100CE0749 /* zgtlBg@2x.png */,
				5E6FAED91F4B217100CE0749 /* zgtlBg@3x.png */,
			);
			path = "质感涂料";
			sourceTree = "<group>";
		};
		5E7F753F1F45CF58002FB7CC = {
			isa = PBXGroup;
			children = (
				5E7F754A1F45CF58002FB7CC /* zgtl */,
				5E7F75641F45CF58002FB7CC /* zgtlTests */,
				5E7F756F1F45CF58002FB7CC /* zgtlUITests */,
				5E7F75491F45CF58002FB7CC /* Products */,
				39DB22C2EC9BE8F23E211B88 /* Pods */,
				428764243A0DA79C7302FA8C /* Frameworks */,
			);
			sourceTree = "<group>";
		};
		5E7F75491F45CF58002FB7CC /* Products */ = {
			isa = PBXGroup;
			children = (
				5E7F75481F45CF58002FB7CC /* zgtl.app */,
				5E7F75611F45CF58002FB7CC /* zgtlTests.xctest */,
				5E7F756C1F45CF58002FB7CC /* zgtlUITests.xctest */,
			);
			name = Products;
			sourceTree = "<group>";
		};
		5E7F754A1F45CF58002FB7CC /* zgtl */ = {
			isa = PBXGroup;
			children = (
				5E7F754E1F45CF58002FB7CC /* AppDelegate.h */,
				5E7F754F1F45CF58002FB7CC /* AppDelegate.m */,
				5E7F75511F45CF58002FB7CC /* ViewController.h */,
				5E7F75521F45CF58002FB7CC /* ViewController.m */,
				5E7F75541F45CF58002FB7CC /* Main.storyboard */,
				8457726D1F4EAD0700DC1C9D /* NetWork.h */,
				8457726E1F4EAD0700DC1C9D /* NetWork.m */,
				845772701F4EB61000DC1C9D /* Token.h */,
				845772711F4EB61000DC1C9D /* Token.m */,
				845772731F4EB7C600DC1C9D /* UIAlertController+msg.h */,
				845772741F4EB7C600DC1C9D /* UIAlertController+msg.m */,
				5E52892C1F45EEF100EA94C7 /* Resource */,
				5E5289211F45DFF400EA94C7 /* Paint(涂料) */,
				5E52891A1F45DBA000EA94C7 /* common */,
				5E7F75571F45CF58002FB7CC /* Assets.xcassets */,
				5E7F75591F45CF58002FB7CC /* LaunchScreen.storyboard */,
				5E7F755C1F45CF58002FB7CC /* Info.plist */,
				5E52892B1F45E27C00EA94C7 /* Prefix.pch */,
				5E7F754B1F45CF58002FB7CC /* Supporting Files */,
			);
			path = zgtl;
			sourceTree = "<group>";
		};
		5E7F754B1F45CF58002FB7CC /* Supporting Files */ = {
			isa = PBXGroup;
			children = (
				5E7F754C1F45CF58002FB7CC /* main.m */,
			);
			name = "Supporting Files";
			sourceTree = "<group>";
		};
		5E7F75641F45CF58002FB7CC /* zgtlTests */ = {
			isa = PBXGroup;
			children = (
				5E7F75651F45CF58002FB7CC /* zgtlTests.m */,
				5E7F75671F45CF58002FB7CC /* Info.plist */,
			);
			path = zgtlTests;
			sourceTree = "<group>";
		};
		5E7F756F1F45CF58002FB7CC /* zgtlUITests */ = {
			isa = PBXGroup;
			children = (
				5E7F75701F45CF58002FB7CC /* zgtlUITests.m */,
				5E7F75721F45CF58002FB7CC /* Info.plist */,
			);
			path = zgtlUITests;
			sourceTree = "<group>";
		};
/* End PBXGroup section */

/* Begin PBXNativeTarget section */
		5E7F75471F45CF58002FB7CC /* zgtl */ = {
			isa = PBXNativeTarget;
			buildConfigurationList = 5E7F75751F45CF58002FB7CC /* Build configuration list for PBXNativeTarget "zgtl" */;
			buildPhases = (
				E685E721F67F30BCB95E37F9 /* [CP] Check Pods Manifest.lock */,
				5E7F75441F45CF58002FB7CC /* Sources */,
				5E7F75451F45CF58002FB7CC /* Frameworks */,
				5E7F75461F45CF58002FB7CC /* Resources */,
				6AB1A67AA7F823DC8DBBC0EA /* [CP] Embed Pods Frameworks */,
				705DCCE379B0D73A17D4A12D /* [CP] Copy Pods Resources */,
			);
			buildRules = (
			);
			dependencies = (
			);
			name = zgtl;
			productName = zgtl;
			productReference = 5E7F75481F45CF58002FB7CC /* zgtl.app */;
			productType = "com.apple.product-type.application";
		};
		5E7F75601F45CF58002FB7CC /* zgtlTests */ = {
			isa = PBXNativeTarget;
			buildConfigurationList = 5E7F75781F45CF58002FB7CC /* Build configuration list for PBXNativeTarget "zgtlTests" */;
			buildPhases = (
				5E7F755D1F45CF58002FB7CC /* Sources */,
				5E7F755E1F45CF58002FB7CC /* Frameworks */,
				5E7F755F1F45CF58002FB7CC /* Resources */,
			);
			buildRules = (
			);
			dependencies = (
				5E7F75631F45CF58002FB7CC /* PBXTargetDependency */,
			);
			name = zgtlTests;
			productName = zgtlTests;
			productReference = 5E7F75611F45CF58002FB7CC /* zgtlTests.xctest */;
			productType = "com.apple.product-type.bundle.unit-test";
		};
		5E7F756B1F45CF58002FB7CC /* zgtlUITests */ = {
			isa = PBXNativeTarget;
			buildConfigurationList = 5E7F757B1F45CF58002FB7CC /* Build configuration list for PBXNativeTarget "zgtlUITests" */;
			buildPhases = (
				5E7F75681F45CF58002FB7CC /* Sources */,
				5E7F75691F45CF58002FB7CC /* Frameworks */,
				5E7F756A1F45CF58002FB7CC /* Resources */,
			);
			buildRules = (
			);
			dependencies = (
				5E7F756E1F45CF58002FB7CC /* PBXTargetDependency */,
			);
			name = zgtlUITests;
			productName = zgtlUITests;
			productReference = 5E7F756C1F45CF58002FB7CC /* zgtlUITests.xctest */;
			productType = "com.apple.product-type.bundle.ui-testing";
		};
/* End PBXNativeTarget section */

/* Begin PBXProject section */
		5E7F75401F45CF58002FB7CC /* Project object */ = {
			isa = PBXProject;
			attributes = {
				LastUpgradeCheck = 0830;
				ORGANIZATIONNAME = "虞嘉伟";
				TargetAttributes = {
					5E7F75471F45CF58002FB7CC = {
						CreatedOnToolsVersion = 8.3.3;
						DevelopmentTeam = XG9FTFMEKQ;
						ProvisioningStyle = Automatic;
					};
					5E7F75601F45CF58002FB7CC = {
						CreatedOnToolsVersion = 8.3.3;
						DevelopmentTeam = XG9FTFMEKQ;
						ProvisioningStyle = Automatic;
						TestTargetID = 5E7F75471F45CF58002FB7CC;
					};
					5E7F756B1F45CF58002FB7CC = {
						CreatedOnToolsVersion = 8.3.3;
						DevelopmentTeam = XG9FTFMEKQ;
						ProvisioningStyle = Automatic;
						TestTargetID = 5E7F75471F45CF58002FB7CC;
					};
				};
			};
			buildConfigurationList = 5E7F75431F45CF58002FB7CC /* Build configuration list for PBXProject "zgtl" */;
			compatibilityVersion = "Xcode 3.2";
			developmentRegion = English;
			hasScannedForEncodings = 0;
			knownRegions = (
				en,
				Base,
			);
			mainGroup = 5E7F753F1F45CF58002FB7CC;
			productRefGroup = 5E7F75491F45CF58002FB7CC /* Products */;
			projectDirPath = "";
			projectRoot = "";
			targets = (
				5E7F75471F45CF58002FB7CC /* zgtl */,
				5E7F75601F45CF58002FB7CC /* zgtlTests */,
				5E7F756B1F45CF58002FB7CC /* zgtlUITests */,
			);
		};
/* End PBXProject section */

/* Begin PBXResourcesBuildPhase section */
		5E7F75461F45CF58002FB7CC /* Resources */ = {
			isa = PBXResourcesBuildPhase;
			buildActionMask = 2147483647;
			files = (
				5E6FAEE31F4B217100CE0749 /* pic3@3x.png in Resources */,
				5E52894D1F45F27000EA94C7 /* item_paint@3x.png in Resources */,
				5E5289391F45EEF100EA94C7 /* logo1@3x.png in Resources */,
				5E52893F1F45EEF100EA94C7 /* logo4@3x.png in Resources */,
				5E52893D1F45EEF100EA94C7 /* logo3@3x.png in Resources */,
				5E6FAEDB1F4B217100CE0749 /* collection@3x.png in Resources */,
				5E7F755B1F45CF58002FB7CC /* LaunchScreen.storyboard in Resources */,
				5E6FAEE01F4B217100CE0749 /* pic2@2x.png in Resources */,
				5E6FAEDD1F4B217100CE0749 /* effect@3x.png in Resources */,
				5E52893A1F45EEF100EA94C7 /* logo2@2x.png in Resources */,
				5E6FAEDA1F4B217100CE0749 /* collection@2x.png in Resources */,
				5E52894B1F45F27000EA94C7 /* item_collection@3x.png in Resources */,
				5E6FAEE41F4B217100CE0749 /* share@2x.png in Resources */,
				5E52893E1F45EEF100EA94C7 /* logo4@2x.png in Resources */,
				5E5289411F45EEF100EA94C7 /* logo5@3x.png in Resources */,
				5E52894C1F45F27000EA94C7 /* item_paint@2x.png in Resources */,
				5E7F75581F45CF58002FB7CC /* Assets.xcassets in Resources */,
				5E6FAEE11F4B217100CE0749 /* pic2@3x.png in Resources */,
				5E5289401F45EEF100EA94C7 /* logo5@2x.png in Resources */,
				5E6FAEDE1F4B217100CE0749 /* pic1@2x.png in Resources */,
				5E52894A1F45F27000EA94C7 /* item_collection@2x.png in Resources */,
				5E6FAEE21F4B217100CE0749 /* pic3@2x.png in Resources */,
				5E7F75561F45CF58002FB7CC /* Main.storyboard in Resources */,
				5E52893C1F45EEF100EA94C7 /* logo3@2x.png in Resources */,
				5E6FAEE51F4B217100CE0749 /* share@3x.png in Resources */,
				5E6FAEE71F4B217100CE0749 /* zgtlBg@3x.png in Resources */,
				5E5289381F45EEF100EA94C7 /* logo1@2x.png in Resources */,
				5E52893B1F45EEF100EA94C7 /* logo2@3x.png in Resources */,
				5E6FAEDC1F4B217100CE0749 /* effect@2x.png in Resources */,
				5E6FAEE61F4B217100CE0749 /* zgtlBg@2x.png in Resources */,
				5E6FAEDF1F4B217100CE0749 /* pic1@3x.png in Resources */,
			);
			runOnlyForDeploymentPostprocessing = 0;
		};
		5E7F755F1F45CF58002FB7CC /* Resources */ = {
			isa = PBXResourcesBuildPhase;
			buildActionMask = 2147483647;
			files = (
			);
			runOnlyForDeploymentPostprocessing = 0;
		};
		5E7F756A1F45CF58002FB7CC /* Resources */ = {
			isa = PBXResourcesBuildPhase;
			buildActionMask = 2147483647;
			files = (
			);
			runOnlyForDeploymentPostprocessing = 0;
		};
/* End PBXResourcesBuildPhase section */

/* Begin PBXShellScriptBuildPhase section */
		6AB1A67AA7F823DC8DBBC0EA /* [CP] Embed Pods Frameworks */ = {
			isa = PBXShellScriptBuildPhase;
			buildActionMask = 2147483647;
			files = (
			);
			inputPaths = (
			);
			name = "[CP] Embed Pods Frameworks";
			outputPaths = (
			);
			runOnlyForDeploymentPostprocessing = 0;
			shellPath = /bin/sh;
			shellScript = "\"${SRCROOT}/Pods/Target Support Files/Pods-zgtl/Pods-zgtl-frameworks.sh\"\n";
			showEnvVarsInLog = 0;
		};
		705DCCE379B0D73A17D4A12D /* [CP] Copy Pods Resources */ = {
			isa = PBXShellScriptBuildPhase;
			buildActionMask = 2147483647;
			files = (
			);
			inputPaths = (
			);
			name = "[CP] Copy Pods Resources";
			outputPaths = (
			);
			runOnlyForDeploymentPostprocessing = 0;
			shellPath = /bin/sh;
			shellScript = "\"${SRCROOT}/Pods/Target Support Files/Pods-zgtl/Pods-zgtl-resources.sh\"\n";
			showEnvVarsInLog = 0;
		};
		E685E721F67F30BCB95E37F9 /* [CP] Check Pods Manifest.lock */ = {
			isa = PBXShellScriptBuildPhase;
			buildActionMask = 2147483647;
			files = (
			);
			inputPaths = (
			);
			name = "[CP] Check Pods Manifest.lock";
			outputPaths = (
			);
			runOnlyForDeploymentPostprocessing = 0;
			shellPath = /bin/sh;
			shellScript = "diff \"${PODS_ROOT}/../Podfile.lock\" \"${PODS_ROOT}/Manifest.lock\" > /dev/null\nif [ $? != 0 ] ; then\n    # print error to STDERR\n    echo \"error: The sandbox is not in sync with the Podfile.lock. Run 'pod install' or update your CocoaPods installation.\" >&2\n    exit 1\nfi\n";
			showEnvVarsInLog = 0;
		};
/* End PBXShellScriptBuildPhase section */

/* Begin PBXSourcesBuildPhase section */
		5E7F75441F45CF58002FB7CC /* Sources */ = {
			isa = PBXSourcesBuildPhase;
			buildActionMask = 2147483647;
			files = (
				5E6FAEBE1F4B158100CE0749 /* PaintEffectView.m in Sources */,
				8457726F1F4EAD0700DC1C9D /* NetWork.m in Sources */,
				5E52891D1F45DBBF00EA94C7 /* Common.m in Sources */,
				847A320A1F4FC4C9000C4224 /* ColorSceneModel.m in Sources */,
				847A32071F4FC4A4000C4224 /* ColorListModel.m in Sources */,
				847A328B1F4FF6E4000C4224 /* PaintEffectModel.m in Sources */,
				5E395D191F49D00100E58C82 /* UIColor+HexExt.m in Sources */,
				845772751F4EB7C600DC1C9D /* UIAlertController+msg.m in Sources */,
				5E395D131F49CE5200E58C82 /* UIImage+ColorExt.m in Sources */,
				5E7F75531F45CF58002FB7CC /* ViewController.m in Sources */,
				845772781F4EBAD400DC1C9D /* PaintProductModel.m in Sources */,
				5E6FAEC41F4B18ED00CE0749 /* ZBColorCollectionCell.m in Sources */,
				5E52892A1F45E01D00EA94C7 /* PaintMainView.m in Sources */,
				5E6FAECA1F4B192500CE0749 /* ZTColorCollectionCell.m in Sources */,
				5E6FAEC11F4B18C800CE0749 /* ZBEffectCollectionCell.m in Sources */,
				5E5289441F45EF3100EA94C7 /* PaintTopCollectionCell.m in Sources */,
				847A32041F4FC3BD000C4224 /* ColorPaintModel.m in Sources */,
				5E395D251F49D49000E58C82 /* BindEmailView.m in Sources */,
				5E7F75501F45CF58002FB7CC /* AppDelegate.m in Sources */,
				5E395D1F1F49D3E300E58C82 /* PaintEffectController.m in Sources */,
				5E395D221F49D40900E58C82 /* AddRemarkController.m in Sources */,
				5E7F754D1F45CF58002FB7CC /* main.m in Sources */,
				5E6FAEC71F4B190C00CE0749 /* ZTEffectCollectionCell.m in Sources */,
				5E395D1C1F49D3BB00E58C82 /* PaintColorPictureController.m in Sources */,
				8457727E1F4EBB0200DC1C9D /* PaintListModel.m in Sources */,
				5E395D161F49CEAB00E58C82 /* PaintBottomLeftCollectionCell.m in Sources */,
				5E5289271F45DFF400EA94C7 /* PaintMainController.m in Sources */,
				5E6FAEBB1F4B156F00CE0749 /* PaintColorView.m in Sources */,
				8457727B1F4EBAE300DC1C9D /* PaintColorModel.m in Sources */,
				845772721F4EB61000DC1C9D /* Token.m in Sources */,
			);
			runOnlyForDeploymentPostprocessing = 0;
		};
		5E7F755D1F45CF58002FB7CC /* Sources */ = {
			isa = PBXSourcesBuildPhase;
			buildActionMask = 2147483647;
			files = (
				5E7F75661F45CF58002FB7CC /* zgtlTests.m in Sources */,
			);
			runOnlyForDeploymentPostprocessing = 0;
		};
		5E7F75681F45CF58002FB7CC /* Sources */ = {
			isa = PBXSourcesBuildPhase;
			buildActionMask = 2147483647;
			files = (
				5E7F75711F45CF58002FB7CC /* zgtlUITests.m in Sources */,
			);
			runOnlyForDeploymentPostprocessing = 0;
		};
/* End PBXSourcesBuildPhase section */

/* Begin PBXTargetDependency section */
		5E7F75631F45CF58002FB7CC /* PBXTargetDependency */ = {
			isa = PBXTargetDependency;
			target = 5E7F75471F45CF58002FB7CC /* zgtl */;
			targetProxy = 5E7F75621F45CF58002FB7CC /* PBXContainerItemProxy */;
		};
		5E7F756E1F45CF58002FB7CC /* PBXTargetDependency */ = {
			isa = PBXTargetDependency;
			target = 5E7F75471F45CF58002FB7CC /* zgtl */;
			targetProxy = 5E7F756D1F45CF58002FB7CC /* PBXContainerItemProxy */;
		};
/* End PBXTargetDependency section */

/* Begin PBXVariantGroup section */
		5E7F75541F45CF58002FB7CC /* Main.storyboard */ = {
			isa = PBXVariantGroup;
			children = (
				5E7F75551F45CF58002FB7CC /* Base */,
			);
			name = Main.storyboard;
			sourceTree = "<group>";
		};
		5E7F75591F45CF58002FB7CC /* LaunchScreen.storyboard */ = {
			isa = PBXVariantGroup;
			children = (
				5E7F755A1F45CF58002FB7CC /* Base */,
			);
			name = LaunchScreen.storyboard;
			sourceTree = "<group>";
		};
/* End PBXVariantGroup section */

/* Begin XCBuildConfiguration section */
		5E7F75731F45CF58002FB7CC /* Debug */ = {
			isa = XCBuildConfiguration;
			buildSettings = {
				ALWAYS_SEARCH_USER_PATHS = NO;
				CLANG_ANALYZER_NONNULL = YES;
				CLANG_ANALYZER_NUMBER_OBJECT_CONVERSION = YES_AGGRESSIVE;
				CLANG_CXX_LANGUAGE_STANDARD = "gnu++0x";
				CLANG_CXX_LIBRARY = "libc++";
				CLANG_ENABLE_MODULES = YES;
				CLANG_ENABLE_OBJC_ARC = YES;
				CLANG_WARN_BOOL_CONVERSION = YES;
				CLANG_WARN_CONSTANT_CONVERSION = YES;
				CLANG_WARN_DIRECT_OBJC_ISA_USAGE = YES_ERROR;
				CLANG_WARN_DOCUMENTATION_COMMENTS = YES;
				CLANG_WARN_EMPTY_BODY = YES;
				CLANG_WARN_ENUM_CONVERSION = YES;
				CLANG_WARN_INFINITE_RECURSION = YES;
				CLANG_WARN_INT_CONVERSION = YES;
				CLANG_WARN_OBJC_ROOT_CLASS = YES_ERROR;
				CLANG_WARN_SUSPICIOUS_MOVE = YES;
				CLANG_WARN_UNREACHABLE_CODE = YES;
				CLANG_WARN__DUPLICATE_METHOD_MATCH = YES;
				"CODE_SIGN_IDENTITY[sdk=iphoneos*]" = "iPhone Developer";
				COPY_PHASE_STRIP = NO;
				DEBUG_INFORMATION_FORMAT = dwarf;
				ENABLE_STRICT_OBJC_MSGSEND = YES;
				ENABLE_TESTABILITY = YES;
				GCC_C_LANGUAGE_STANDARD = gnu99;
				GCC_DYNAMIC_NO_PIC = NO;
				GCC_NO_COMMON_BLOCKS = YES;
				GCC_OPTIMIZATION_LEVEL = 0;
				GCC_PREPROCESSOR_DEFINITIONS = (
					"DEBUG=1",
					"$(inherited)",
				);
				GCC_WARN_64_TO_32_BIT_CONVERSION = YES;
				GCC_WARN_ABOUT_RETURN_TYPE = YES_ERROR;
				GCC_WARN_UNDECLARED_SELECTOR = YES;
				GCC_WARN_UNINITIALIZED_AUTOS = YES_AGGRESSIVE;
				GCC_WARN_UNUSED_FUNCTION = YES;
				GCC_WARN_UNUSED_VARIABLE = YES;
				IPHONEOS_DEPLOYMENT_TARGET = 10.3;
				MTL_ENABLE_DEBUG_INFO = YES;
				ONLY_ACTIVE_ARCH = YES;
				SDKROOT = iphoneos;
				TARGETED_DEVICE_FAMILY = "1,2";
			};
			name = Debug;
		};
		5E7F75741F45CF58002FB7CC /* Release */ = {
			isa = XCBuildConfiguration;
			buildSettings = {
				ALWAYS_SEARCH_USER_PATHS = NO;
				CLANG_ANALYZER_NONNULL = YES;
				CLANG_ANALYZER_NUMBER_OBJECT_CONVERSION = YES_AGGRESSIVE;
				CLANG_CXX_LANGUAGE_STANDARD = "gnu++0x";
				CLANG_CXX_LIBRARY = "libc++";
				CLANG_ENABLE_MODULES = YES;
				CLANG_ENABLE_OBJC_ARC = YES;
				CLANG_WARN_BOOL_CONVERSION = YES;
				CLANG_WARN_CONSTANT_CONVERSION = YES;
				CLANG_WARN_DIRECT_OBJC_ISA_USAGE = YES_ERROR;
				CLANG_WARN_DOCUMENTATION_COMMENTS = YES;
				CLANG_WARN_EMPTY_BODY = YES;
				CLANG_WARN_ENUM_CONVERSION = YES;
				CLANG_WARN_INFINITE_RECURSION = YES;
				CLANG_WARN_INT_CONVERSION = YES;
				CLANG_WARN_OBJC_ROOT_CLASS = YES_ERROR;
				CLANG_WARN_SUSPICIOUS_MOVE = YES;
				CLANG_WARN_UNREACHABLE_CODE = YES;
				CLANG_WARN__DUPLICATE_METHOD_MATCH = YES;
				"CODE_SIGN_IDENTITY[sdk=iphoneos*]" = "iPhone Developer";
				COPY_PHASE_STRIP = NO;
				DEBUG_INFORMATION_FORMAT = "dwarf-with-dsym";
				ENABLE_NS_ASSERTIONS = NO;
				ENABLE_STRICT_OBJC_MSGSEND = YES;
				GCC_C_LANGUAGE_STANDARD = gnu99;
				GCC_NO_COMMON_BLOCKS = YES;
				GCC_WARN_64_TO_32_BIT_CONVERSION = YES;
				GCC_WARN_ABOUT_RETURN_TYPE = YES_ERROR;
				GCC_WARN_UNDECLARED_SELECTOR = YES;
				GCC_WARN_UNINITIALIZED_AUTOS = YES_AGGRESSIVE;
				GCC_WARN_UNUSED_FUNCTION = YES;
				GCC_WARN_UNUSED_VARIABLE = YES;
				IPHONEOS_DEPLOYMENT_TARGET = 10.3;
				MTL_ENABLE_DEBUG_INFO = NO;
				SDKROOT = iphoneos;
				TARGETED_DEVICE_FAMILY = "1,2";
				VALIDATE_PRODUCT = YES;
			};
			name = Release;
		};
		5E7F75761F45CF58002FB7CC /* Debug */ = {
			isa = XCBuildConfiguration;
			baseConfigurationReference = 7E1D888EEAC2F1FE7D54F274 /* Pods-zgtl.debug.xcconfig */;
			buildSettings = {
				ASSETCATALOG_COMPILER_APPICON_NAME = AppIcon;
				DEVELOPMENT_TEAM = XG9FTFMEKQ;
				GCC_PREFIX_HEADER = zgtl/Prefix.pch;
				INFOPLIST_FILE = zgtl/Info.plist;
				IPHONEOS_DEPLOYMENT_TARGET = 8.0;
				LD_RUNPATH_SEARCH_PATHS = "$(inherited) @executable_path/Frameworks";
				PRODUCT_BUNDLE_IDENTIFIER = George.zgtl;
				PRODUCT_NAME = "$(TARGET_NAME)";
			};
			name = Debug;
		};
		5E7F75771F45CF58002FB7CC /* Release */ = {
			isa = XCBuildConfiguration;
			baseConfigurationReference = FC2007FA1D45D563F4E53701 /* Pods-zgtl.release.xcconfig */;
			buildSettings = {
				ASSETCATALOG_COMPILER_APPICON_NAME = AppIcon;
				DEVELOPMENT_TEAM = XG9FTFMEKQ;
				GCC_PREFIX_HEADER = zgtl/Prefix.pch;
				INFOPLIST_FILE = zgtl/Info.plist;
				IPHONEOS_DEPLOYMENT_TARGET = 8.0;
				LD_RUNPATH_SEARCH_PATHS = "$(inherited) @executable_path/Frameworks";
				PRODUCT_BUNDLE_IDENTIFIER = George.zgtl;
				PRODUCT_NAME = "$(TARGET_NAME)";
			};
			name = Release;
		};
		5E7F75791F45CF58002FB7CC /* Debug */ = {
			isa = XCBuildConfiguration;
			buildSettings = {
				BUNDLE_LOADER = "$(TEST_HOST)";
				DEVELOPMENT_TEAM = XG9FTFMEKQ;
				INFOPLIST_FILE = zgtlTests/Info.plist;
				LD_RUNPATH_SEARCH_PATHS = "$(inherited) @executable_path/Frameworks @loader_path/Frameworks";
				PRODUCT_BUNDLE_IDENTIFIER = George.zgtlTests;
				PRODUCT_NAME = "$(TARGET_NAME)";
				TEST_HOST = "$(BUILT_PRODUCTS_DIR)/zgtl.app/zgtl";
			};
			name = Debug;
		};
		5E7F757A1F45CF58002FB7CC /* Release */ = {
			isa = XCBuildConfiguration;
			buildSettings = {
				BUNDLE_LOADER = "$(TEST_HOST)";
				DEVELOPMENT_TEAM = XG9FTFMEKQ;
				INFOPLIST_FILE = zgtlTests/Info.plist;
				LD_RUNPATH_SEARCH_PATHS = "$(inherited) @executable_path/Frameworks @loader_path/Frameworks";
				PRODUCT_BUNDLE_IDENTIFIER = George.zgtlTests;
				PRODUCT_NAME = "$(TARGET_NAME)";
				TEST_HOST = "$(BUILT_PRODUCTS_DIR)/zgtl.app/zgtl";
			};
			name = Release;
		};
		5E7F757C1F45CF58002FB7CC /* Debug */ = {
			isa = XCBuildConfiguration;
			buildSettings = {
				DEVELOPMENT_TEAM = XG9FTFMEKQ;
				INFOPLIST_FILE = zgtlUITests/Info.plist;
				LD_RUNPATH_SEARCH_PATHS = "$(inherited) @executable_path/Frameworks @loader_path/Frameworks";
				PRODUCT_BUNDLE_IDENTIFIER = George.zgtlUITests;
				PRODUCT_NAME = "$(TARGET_NAME)";
				TEST_TARGET_NAME = zgtl;
			};
			name = Debug;
		};
		5E7F757D1F45CF58002FB7CC /* Release */ = {
			isa = XCBuildConfiguration;
			buildSettings = {
				DEVELOPMENT_TEAM = XG9FTFMEKQ;
				INFOPLIST_FILE = zgtlUITests/Info.plist;
				LD_RUNPATH_SEARCH_PATHS = "$(inherited) @executable_path/Frameworks @loader_path/Frameworks";
				PRODUCT_BUNDLE_IDENTIFIER = George.zgtlUITests;
				PRODUCT_NAME = "$(TARGET_NAME)";
				TEST_TARGET_NAME = zgtl;
			};
			name = Release;
		};
/* End XCBuildConfiguration section */

/* Begin XCConfigurationList section */
		5E7F75431F45CF58002FB7CC /* Build configuration list for PBXProject "zgtl" */ = {
			isa = XCConfigurationList;
			buildConfigurations = (
				5E7F75731F45CF58002FB7CC /* Debug */,
				5E7F75741F45CF58002FB7CC /* Release */,
			);
			defaultConfigurationIsVisible = 0;
			defaultConfigurationName = Release;
		};
		5E7F75751F45CF58002FB7CC /* Build configuration list for PBXNativeTarget "zgtl" */ = {
			isa = XCConfigurationList;
			buildConfigurations = (
				5E7F75761F45CF58002FB7CC /* Debug */,
				5E7F75771F45CF58002FB7CC /* Release */,
			);
			defaultConfigurationIsVisible = 0;
			defaultConfigurationName = Release;
		};
		5E7F75781F45CF58002FB7CC /* Build configuration list for PBXNativeTarget "zgtlTests" */ = {
			isa = XCConfigurationList;
			buildConfigurations = (
				5E7F75791F45CF58002FB7CC /* Debug */,
				5E7F757A1F45CF58002FB7CC /* Release */,
			);
			defaultConfigurationIsVisible = 0;
			defaultConfigurationName = Release;
		};
		5E7F757B1F45CF58002FB7CC /* Build configuration list for PBXNativeTarget "zgtlUITests" */ = {
			isa = XCConfigurationList;
			buildConfigurations = (
				5E7F757C1F45CF58002FB7CC /* Debug */,
				5E7F757D1F45CF58002FB7CC /* Release */,
			);
			defaultConfigurationIsVisible = 0;
			defaultConfigurationName = Release;
		};
/* End XCConfigurationList section */
	};
	rootObject = 5E7F75401F45CF58002FB7CC /* Project object */;
}
